// !$*UTF8*$!
{
	archiveVersion = 1;
	classes = {
	};
	objectVersion = 46;
	objects = {

/* Begin PBXBuildFile section */
		2A14D30B1CDA4F380079BFF0 /* NSData+GZIP.m in Sources */ = {isa = PBXBuildFile; fileRef = 2A69BFFB1CD513D700A554A3 /* NSData+GZIP.m */; };
		2A1682C31CD4039300014B7F /* Cocoa.framework in Frameworks */ = {isa = PBXBuildFile; fileRef = 2A1682C21CD4039300014B7F /* Cocoa.framework */; };
		2A1682C51CD403FB00014B7F /* AppKit.framework in Frameworks */ = {isa = PBXBuildFile; fileRef = 2A1682C41CD403FB00014B7F /* AppKit.framework */; };
		2A1682C71CD4040900014B7F /* Foundation.framework in Frameworks */ = {isa = PBXBuildFile; fileRef = 2A1682C61CD4040900014B7F /* Foundation.framework */; };
		2A1682CA1CD4042800014B7F /* CoreData.framework in Frameworks */ = {isa = PBXBuildFile; fileRef = 2A1682C91CD4042800014B7F /* CoreData.framework */; };
		2A71846E1CDA483E00E8B7D3 /* NSNotificationCenter+Extensions.swift in Sources */ = {isa = PBXBuildFile; fileRef = 2A71846D1CDA483E00E8B7D3 /* NSNotificationCenter+Extensions.swift */; };
		2A71846F1CDA48AB00E8B7D3 /* CMCompileMeasure.swift in Sources */ = {isa = PBXBuildFile; fileRef = 2A1B1E7F1CD768C300ADD414 /* CMCompileMeasure.swift */; };
		2A74ACC51CD5733B0057B819 /* CMResultWindow.xib in Resources */ = {isa = PBXBuildFile; fileRef = 2A74ACC41CD5733B0057B819 /* CMResultWindow.xib */; };
		2A7DBBF51CD8E5D1009E9B49 /* CMCompileMeasureTests.swift in Sources */ = {isa = PBXBuildFile; fileRef = 2A7DBBF41CD8E5D1009E9B49 /* CMCompileMeasureTests.swift */; };
		2A9BDFEB1CD95196000E5862 /* Icons.xcassets in Resources */ = {isa = PBXBuildFile; fileRef = 2A9BDFEA1CD95196000E5862 /* Icons.xcassets */; };
		2ABB72011CDA4680001FDC32 /* CMBuildOperation.swift in Sources */ = {isa = PBXBuildFile; fileRef = 2A1854A31CD8BB74005498BF /* CMBuildOperation.swift */; };
		2ABB72021CDA4680001FDC32 /* CMCompileMeasure.swift in Sources */ = {isa = PBXBuildFile; fileRef = 2A1B1E7F1CD768C300ADD414 /* CMCompileMeasure.swift */; };
		2ABB72031CDA4680001FDC32 /* CMPlugin.swift in Sources */ = {isa = PBXBuildFile; fileRef = 2A1682C01CD3FBCC00014B7F /* CMPlugin.swift */; };
		2ABB72041CDA4680001FDC32 /* CMLogProcessor.swift in Sources */ = {isa = PBXBuildFile; fileRef = 2A74ACC11CD571470057B819 /* CMLogProcessor.swift */; };
		2ABB72051CDA4680001FDC32 /* CMProcessingState.swift in Sources */ = {isa = PBXBuildFile; fileRef = 2A5A07241CD64DCA009F0ECE /* CMProcessingState.swift */; };
		2ABB72061CDA4680001FDC32 /* CMResultWindowController.swift in Sources */ = {isa = PBXBuildFile; fileRef = 2A74ACCB1CD573CD0057B819 /* CMResultWindowController.swift */; };
		2ABB72071CDA4680001FDC32 /* CMXcodeWorkspace.swift in Sources */ = {isa = PBXBuildFile; fileRef = 2A69BFFD1CD5179200A554A3 /* CMXcodeWorkspace.swift */; };
		2AE38C571CDA8222008B65AE /* CMRawMeasure.swift in Sources */ = {isa = PBXBuildFile; fileRef = 2AE38C561CDA8222008B65AE /* CMRawMeasure.swift */; };
/* End PBXBuildFile section */

/* Begin PBXContainerItemProxy section */
		2A7DBBFA1CD8E705009E9B49 /* PBXContainerItemProxy */ = {
			isa = PBXContainerItemProxy;
			containerPortal = 2A1682AB1CD3F73900014B7F /* Project object */;
			proxyType = 1;
			remoteGlobalIDString = 2A1682B21CD3F73900014B7F;
			remoteInfo = BuildTimeAnalyzer;
		};
/* End PBXContainerItemProxy section */

/* Begin PBXFileReference section */
		2A1682B31CD3F73900014B7F /* BuildTimeAnalyzer.xcplugin */ = {isa = PBXFileReference; explicitFileType = wrapper.cfbundle; includeInIndex = 0; path = BuildTimeAnalyzer.xcplugin; sourceTree = BUILT_PRODUCTS_DIR; };
		2A1682B61CD3F73900014B7F /* Info.plist */ = {isa = PBXFileReference; lastKnownFileType = text.plist.xml; path = Info.plist; sourceTree = "<group>"; };
		2A1682BD1CD3FB5D00014B7F /* BuildTimeAnalyzer-Bridging-Header.h */ = {isa = PBXFileReference; lastKnownFileType = sourcecode.c.h; path = "BuildTimeAnalyzer-Bridging-Header.h"; sourceTree = "<group>"; };
		2A1682C01CD3FBCC00014B7F /* CMPlugin.swift */ = {isa = PBXFileReference; fileEncoding = 4; lastKnownFileType = sourcecode.swift; path = CMPlugin.swift; sourceTree = "<group>"; };
		2A1682C21CD4039300014B7F /* Cocoa.framework */ = {isa = PBXFileReference; lastKnownFileType = wrapper.framework; name = Cocoa.framework; path = System/Library/Frameworks/Cocoa.framework; sourceTree = SDKROOT; };
		2A1682C41CD403FB00014B7F /* AppKit.framework */ = {isa = PBXFileReference; lastKnownFileType = wrapper.framework; name = AppKit.framework; path = System/Library/Frameworks/AppKit.framework; sourceTree = SDKROOT; };
		2A1682C61CD4040900014B7F /* Foundation.framework */ = {isa = PBXFileReference; lastKnownFileType = wrapper.framework; name = Foundation.framework; path = System/Library/Frameworks/Foundation.framework; sourceTree = SDKROOT; };
		2A1682C91CD4042800014B7F /* CoreData.framework */ = {isa = PBXFileReference; lastKnownFileType = wrapper.framework; name = CoreData.framework; path = System/Library/Frameworks/CoreData.framework; sourceTree = SDKROOT; };
		2A1854A31CD8BB74005498BF /* CMBuildOperation.swift */ = {isa = PBXFileReference; fileEncoding = 4; lastKnownFileType = sourcecode.swift; path = CMBuildOperation.swift; sourceTree = "<group>"; };
		2A1B1E7F1CD768C300ADD414 /* CMCompileMeasure.swift */ = {isa = PBXFileReference; fileEncoding = 4; lastKnownFileType = sourcecode.swift; path = CMCompileMeasure.swift; sourceTree = "<group>"; };
		2A5A07241CD64DCA009F0ECE /* CMProcessingState.swift */ = {isa = PBXFileReference; fileEncoding = 4; lastKnownFileType = sourcecode.swift; path = CMProcessingState.swift; sourceTree = "<group>"; };
		2A69BFFA1CD513D700A554A3 /* NSData+GZIP.h */ = {isa = PBXFileReference; fileEncoding = 4; lastKnownFileType = sourcecode.c.h; name = "NSData+GZIP.h"; path = "../GZIP/NSData+GZIP.h"; sourceTree = "<group>"; };
		2A69BFFB1CD513D700A554A3 /* NSData+GZIP.m */ = {isa = PBXFileReference; fileEncoding = 4; lastKnownFileType = sourcecode.c.objc; name = "NSData+GZIP.m"; path = "../GZIP/NSData+GZIP.m"; sourceTree = "<group>"; };
		2A69BFFD1CD5179200A554A3 /* CMXcodeWorkspace.swift */ = {isa = PBXFileReference; fileEncoding = 4; lastKnownFileType = sourcecode.swift; path = CMXcodeWorkspace.swift; sourceTree = "<group>"; };
		2A71846D1CDA483E00E8B7D3 /* NSNotificationCenter+Extensions.swift */ = {isa = PBXFileReference; fileEncoding = 4; lastKnownFileType = sourcecode.swift; path = "NSNotificationCenter+Extensions.swift"; sourceTree = "<group>"; };
		2A74ACC11CD571470057B819 /* CMLogProcessor.swift */ = {isa = PBXFileReference; fileEncoding = 4; lastKnownFileType = sourcecode.swift; path = CMLogProcessor.swift; sourceTree = "<group>"; };
		2A74ACC41CD5733B0057B819 /* CMResultWindow.xib */ = {isa = PBXFileReference; fileEncoding = 4; lastKnownFileType = file.xib; path = CMResultWindow.xib; sourceTree = "<group>"; };
		2A74ACCB1CD573CD0057B819 /* CMResultWindowController.swift */ = {isa = PBXFileReference; fileEncoding = 4; lastKnownFileType = sourcecode.swift; path = CMResultWindowController.swift; sourceTree = "<group>"; };
		2A7DBBF21CD8E5D0009E9B49 /* BuildTimeAnalyzer.xctest */ = {isa = PBXFileReference; explicitFileType = wrapper.cfbundle; includeInIndex = 0; path = BuildTimeAnalyzer.xctest; sourceTree = BUILT_PRODUCTS_DIR; };
		2A7DBBF41CD8E5D1009E9B49 /* CMCompileMeasureTests.swift */ = {isa = PBXFileReference; lastKnownFileType = sourcecode.swift; path = CMCompileMeasureTests.swift; sourceTree = "<group>"; };
		2A7DBBF61CD8E5D1009E9B49 /* Info.plist */ = {isa = PBXFileReference; lastKnownFileType = text.plist; name = Info.plist; path = BuildTimeAnalyzerTests/Info.plist; sourceTree = "<group>"; };
		2A9BDFEA1CD95196000E5862 /* Icons.xcassets */ = {isa = PBXFileReference; lastKnownFileType = folder.assetcatalog; path = Icons.xcassets; sourceTree = "<group>"; };
		2AE38C561CDA8222008B65AE /* CMRawMeasure.swift */ = {isa = PBXFileReference; fileEncoding = 4; lastKnownFileType = sourcecode.swift; path = CMRawMeasure.swift; sourceTree = "<group>"; };
/* End PBXFileReference section */

/* Begin PBXFrameworksBuildPhase section */
		2A1682B01CD3F73900014B7F /* Frameworks */ = {
			isa = PBXFrameworksBuildPhase;
			buildActionMask = 2147483647;
			files = (
				2A1682CA1CD4042800014B7F /* CoreData.framework in Frameworks */,
				2A1682C71CD4040900014B7F /* Foundation.framework in Frameworks */,
				2A1682C51CD403FB00014B7F /* AppKit.framework in Frameworks */,
				2A1682C31CD4039300014B7F /* Cocoa.framework in Frameworks */,
			);
			runOnlyForDeploymentPostprocessing = 0;
		};
		2A7DBBEF1CD8E5D0009E9B49 /* Frameworks */ = {
			isa = PBXFrameworksBuildPhase;
			buildActionMask = 2147483647;
			files = (
			);
			runOnlyForDeploymentPostprocessing = 0;
		};
/* End PBXFrameworksBuildPhase section */

/* Begin PBXGroup section */
		2A1682AA1CD3F73900014B7F = {
			isa = PBXGroup;
			children = (
				2A1682B51CD3F73900014B7F /* BuildTimeAnalyzer */,
				2A7DBBF31CD8E5D1009E9B49 /* BuildTimeAnalyzerTests */,
				2A1682C81CD4041200014B7F /* Frameworks */,
				2A74ACC31CD571A40057B819 /* GZIP */,
				2A1682B41CD3F73900014B7F /* Products */,
			);
			sourceTree = "<group>";
		};
		2A1682B41CD3F73900014B7F /* Products */ = {
			isa = PBXGroup;
			children = (
				2A1682B31CD3F73900014B7F /* BuildTimeAnalyzer.xcplugin */,
				2A7DBBF21CD8E5D0009E9B49 /* BuildTimeAnalyzer.xctest */,
			);
			name = Products;
			sourceTree = "<group>";
		};
		2A1682B51CD3F73900014B7F /* BuildTimeAnalyzer */ = {
			isa = PBXGroup;
			children = (
				2A1854A31CD8BB74005498BF /* CMBuildOperation.swift */,
				2A1B1E7F1CD768C300ADD414 /* CMCompileMeasure.swift */,
				2A74ACC11CD571470057B819 /* CMLogProcessor.swift */,
				2A1682C01CD3FBCC00014B7F /* CMPlugin.swift */,
				2A5A07241CD64DCA009F0ECE /* CMProcessingState.swift */,
				2AE38C561CDA8222008B65AE /* CMRawMeasure.swift */,
				2A74ACC41CD5733B0057B819 /* CMResultWindow.xib */,
				2A74ACCB1CD573CD0057B819 /* CMResultWindowController.swift */,
				2A69BFFD1CD5179200A554A3 /* CMXcodeWorkspace.swift */,
				2A9BDFEA1CD95196000E5862 /* Icons.xcassets */,
				2A1682BC1CD3FAA800014B7F /* Supporting Files */,
				2AC835061CD664B200314A5A /* System Extensions */,
			);
			path = BuildTimeAnalyzer;
			sourceTree = "<group>";
		};
		2A1682BC1CD3FAA800014B7F /* Supporting Files */ = {
			isa = PBXGroup;
			children = (
				2A1682BD1CD3FB5D00014B7F /* BuildTimeAnalyzer-Bridging-Header.h */,
				2A1682B61CD3F73900014B7F /* Info.plist */,
			);
			name = "Supporting Files";
			sourceTree = "<group>";
		};
		2A1682C81CD4041200014B7F /* Frameworks */ = {
			isa = PBXGroup;
			children = (
				2A1682C41CD403FB00014B7F /* AppKit.framework */,
				2A1682C91CD4042800014B7F /* CoreData.framework */,
				2A1682C61CD4040900014B7F /* Foundation.framework */,
				2A1682C21CD4039300014B7F /* Cocoa.framework */,
			);
			name = Frameworks;
			sourceTree = "<group>";
		};
		2A74ACC31CD571A40057B819 /* GZIP */ = {
			isa = PBXGroup;
			children = (
				2A69BFFA1CD513D700A554A3 /* NSData+GZIP.h */,
				2A69BFFB1CD513D700A554A3 /* NSData+GZIP.m */,
			);
			name = GZIP;
			path = BuildTimeAnalyzer;
			sourceTree = "<group>";
		};
		2A7DBBF31CD8E5D1009E9B49 /* BuildTimeAnalyzerTests */ = {
			isa = PBXGroup;
			children = (
				2A7DBBF41CD8E5D1009E9B49 /* CMCompileMeasureTests.swift */,
				2A7DBBFD1CD91D8F009E9B49 /* Supporting Files */,
			);
			path = BuildTimeAnalyzerTests;
			sourceTree = "<group>";
		};
		2A7DBBFD1CD91D8F009E9B49 /* Supporting Files */ = {
			isa = PBXGroup;
			children = (
				2A7DBBF61CD8E5D1009E9B49 /* Info.plist */,
			);
			name = "Supporting Files";
			path = "BuildTimeAnalyzerTests/Supporting Files";
			sourceTree = "<group>";
		};
		2AC835061CD664B200314A5A /* System Extensions */ = {
			isa = PBXGroup;
			children = (
				2A71846D1CDA483E00E8B7D3 /* NSNotificationCenter+Extensions.swift */,
			);
			name = "System Extensions";
			sourceTree = "<group>";
		};
/* End PBXGroup section */

/* Begin PBXNativeTarget section */
		2A1682B21CD3F73900014B7F /* BuildTimeAnalyzer */ = {
			isa = PBXNativeTarget;
			buildConfigurationList = 2A1682B91CD3F73900014B7F /* Build configuration list for PBXNativeTarget "BuildTimeAnalyzer" */;
			buildPhases = (
				2A1682AF1CD3F73900014B7F /* Sources */,
				2A1682B01CD3F73900014B7F /* Frameworks */,
				2A1682B11CD3F73900014B7F /* Resources */,
			);
			buildRules = (
			);
			dependencies = (
			);
			name = BuildTimeAnalyzer;
			productName = BuildTimeAnalyzer;
			productReference = 2A1682B31CD3F73900014B7F /* BuildTimeAnalyzer.xcplugin */;
			productType = "com.apple.product-type.bundle";
		};
		2A7DBBF11CD8E5D0009E9B49 /* BuildTimeAnalyzerTests */ = {
			isa = PBXNativeTarget;
			buildConfigurationList = 2A7DBBF91CD8E5D1009E9B49 /* Build configuration list for PBXNativeTarget "BuildTimeAnalyzerTests" */;
			buildPhases = (
				2A7DBBEE1CD8E5D0009E9B49 /* Sources */,
				2A7DBBEF1CD8E5D0009E9B49 /* Frameworks */,
				2A7DBBF01CD8E5D0009E9B49 /* Resources */,
			);
			buildRules = (
			);
			dependencies = (
				2A7DBBFB1CD8E705009E9B49 /* PBXTargetDependency */,
			);
			name = BuildTimeAnalyzerTests;
			productName = BuildTimeAnalyzerTests;
			productReference = 2A7DBBF21CD8E5D0009E9B49 /* BuildTimeAnalyzer.xctest */;
			productType = "com.apple.product-type.bundle.unit-test";
		};
/* End PBXNativeTarget section */

/* Begin PBXProject section */
		2A1682AB1CD3F73900014B7F /* Project object */ = {
			isa = PBXProject;
			attributes = {
				LastSwiftUpdateCheck = 0730;
				LastUpgradeCheck = 0730;
				ORGANIZATIONNAME = "Robert Gummesson";
				TargetAttributes = {
					2A1682B21CD3F73900014B7F = {
						CreatedOnToolsVersion = 7.3;
					};
					2A7DBBF11CD8E5D0009E9B49 = {
						CreatedOnToolsVersion = 7.3;
					};
				};
			};
			buildConfigurationList = 2A1682AE1CD3F73900014B7F /* Build configuration list for PBXProject "BuildTimeAnalyzer" */;
			compatibilityVersion = "Xcode 3.2";
			developmentRegion = English;
			hasScannedForEncodings = 0;
			knownRegions = (
				en,
			);
			mainGroup = 2A1682AA1CD3F73900014B7F;
			productRefGroup = 2A1682B41CD3F73900014B7F /* Products */;
			projectDirPath = "";
			projectRoot = "";
			targets = (
				2A1682B21CD3F73900014B7F /* BuildTimeAnalyzer */,
				2A7DBBF11CD8E5D0009E9B49 /* BuildTimeAnalyzerTests */,
			);
		};
/* End PBXProject section */

/* Begin PBXResourcesBuildPhase section */
		2A1682B11CD3F73900014B7F /* Resources */ = {
			isa = PBXResourcesBuildPhase;
			buildActionMask = 2147483647;
			files = (
				2A9BDFEB1CD95196000E5862 /* Icons.xcassets in Resources */,
				2A74ACC51CD5733B0057B819 /* CMResultWindow.xib in Resources */,
			);
			runOnlyForDeploymentPostprocessing = 0;
		};
		2A7DBBF01CD8E5D0009E9B49 /* Resources */ = {
			isa = PBXResourcesBuildPhase;
			buildActionMask = 2147483647;
			files = (
			);
			runOnlyForDeploymentPostprocessing = 0;
		};
/* End PBXResourcesBuildPhase section */

/* Begin PBXSourcesBuildPhase section */
		2A1682AF1CD3F73900014B7F /* Sources */ = {
			isa = PBXSourcesBuildPhase;
			buildActionMask = 2147483647;
			files = (
				2ABB72011CDA4680001FDC32 /* CMBuildOperation.swift in Sources */,
				2ABB72021CDA4680001FDC32 /* CMCompileMeasure.swift in Sources */,
				2ABB72031CDA4680001FDC32 /* CMPlugin.swift in Sources */,
				2ABB72041CDA4680001FDC32 /* CMLogProcessor.swift in Sources */,
				2A71846E1CDA483E00E8B7D3 /* NSNotificationCenter+Extensions.swift in Sources */,
				2ABB72051CDA4680001FDC32 /* CMProcessingState.swift in Sources */,
				2ABB72061CDA4680001FDC32 /* CMResultWindowController.swift in Sources */,
				2A14D30B1CDA4F380079BFF0 /* NSData+GZIP.m in Sources */,
				2ABB72071CDA4680001FDC32 /* CMXcodeWorkspace.swift in Sources */,
				2AE38C571CDA8222008B65AE /* CMRawMeasure.swift in Sources */,
			);
			runOnlyForDeploymentPostprocessing = 0;
		};
		2A7DBBEE1CD8E5D0009E9B49 /* Sources */ = {
			isa = PBXSourcesBuildPhase;
			buildActionMask = 2147483647;
			files = (
				2A71846F1CDA48AB00E8B7D3 /* CMCompileMeasure.swift in Sources */,
				2A7DBBF51CD8E5D1009E9B49 /* CMCompileMeasureTests.swift in Sources */,
			);
			runOnlyForDeploymentPostprocessing = 0;
		};
/* End PBXSourcesBuildPhase section */

/* Begin PBXTargetDependency section */
		2A7DBBFB1CD8E705009E9B49 /* PBXTargetDependency */ = {
			isa = PBXTargetDependency;
			target = 2A1682B21CD3F73900014B7F /* BuildTimeAnalyzer */;
			targetProxy = 2A7DBBFA1CD8E705009E9B49 /* PBXContainerItemProxy */;
		};
/* End PBXTargetDependency section */

/* Begin XCBuildConfiguration section */
		2A1682B71CD3F73900014B7F /* Debug */ = {
			isa = XCBuildConfiguration;
			buildSettings = {
				ALWAYS_SEARCH_USER_PATHS = NO;
				CLANG_ANALYZER_NONNULL = YES;
				CLANG_CXX_LANGUAGE_STANDARD = "gnu++0x";
				CLANG_CXX_LIBRARY = "libc++";
				CLANG_ENABLE_MODULES = YES;
				CLANG_ENABLE_OBJC_ARC = YES;
				CLANG_WARN_BOOL_CONVERSION = YES;
				CLANG_WARN_CONSTANT_CONVERSION = YES;
				CLANG_WARN_DIRECT_OBJC_ISA_USAGE = YES_ERROR;
				CLANG_WARN_EMPTY_BODY = YES;
				CLANG_WARN_ENUM_CONVERSION = YES;
				CLANG_WARN_INT_CONVERSION = YES;
				CLANG_WARN_OBJC_ROOT_CLASS = YES_ERROR;
				CLANG_WARN_UNREACHABLE_CODE = YES;
				CLANG_WARN__DUPLICATE_METHOD_MATCH = YES;
				CODE_SIGN_IDENTITY = "-";
				COPY_PHASE_STRIP = NO;
				DEBUG_INFORMATION_FORMAT = dwarf;
				DEPLOYMENT_LOCATION = YES;
				ENABLE_STRICT_OBJC_MSGSEND = YES;
				ENABLE_TESTABILITY = YES;
				GCC_C_LANGUAGE_STANDARD = gnu99;
				GCC_DYNAMIC_NO_PIC = NO;
				GCC_NO_COMMON_BLOCKS = YES;
				GCC_OPTIMIZATION_LEVEL = 0;
				GCC_PREPROCESSOR_DEFINITIONS = (
					"DEBUG=1",
					"$(inherited)",
				);
				GCC_WARN_64_TO_32_BIT_CONVERSION = YES;
				GCC_WARN_ABOUT_RETURN_TYPE = YES_ERROR;
				GCC_WARN_UNDECLARED_SELECTOR = YES;
				GCC_WARN_UNINITIALIZED_AUTOS = YES_AGGRESSIVE;
				GCC_WARN_UNUSED_FUNCTION = YES;
				GCC_WARN_UNUSED_VARIABLE = YES;
				INSTALL_PATH = "$(LOCAL_LIBRARY_DIR)/Application Support/Developer/Shared/Xcode/Plug-ins";
				MACH_O_TYPE = mh_bundle;
				MACOSX_DEPLOYMENT_TARGET = 10.11;
				MTL_ENABLE_DEBUG_INFO = YES;
				ONLY_ACTIVE_ARCH = YES;
				SDKROOT = macosx;
			};
			name = Debug;
		};
		2A1682B81CD3F73900014B7F /* Release */ = {
			isa = XCBuildConfiguration;
			buildSettings = {
				ALWAYS_SEARCH_USER_PATHS = NO;
				CLANG_ANALYZER_NONNULL = YES;
				CLANG_CXX_LANGUAGE_STANDARD = "gnu++0x";
				CLANG_CXX_LIBRARY = "libc++";
				CLANG_ENABLE_MODULES = YES;
				CLANG_ENABLE_OBJC_ARC = YES;
				CLANG_WARN_BOOL_CONVERSION = YES;
				CLANG_WARN_CONSTANT_CONVERSION = YES;
				CLANG_WARN_DIRECT_OBJC_ISA_USAGE = YES_ERROR;
				CLANG_WARN_EMPTY_BODY = YES;
				CLANG_WARN_ENUM_CONVERSION = YES;
				CLANG_WARN_INT_CONVERSION = YES;
				CLANG_WARN_OBJC_ROOT_CLASS = YES_ERROR;
				CLANG_WARN_UNREACHABLE_CODE = YES;
				CLANG_WARN__DUPLICATE_METHOD_MATCH = YES;
				CODE_SIGN_IDENTITY = "-";
				COPY_PHASE_STRIP = NO;
				DEBUG_INFORMATION_FORMAT = "dwarf-with-dsym";
				DEPLOYMENT_LOCATION = YES;
				ENABLE_NS_ASSERTIONS = NO;
				ENABLE_STRICT_OBJC_MSGSEND = YES;
				GCC_C_LANGUAGE_STANDARD = gnu99;
				GCC_NO_COMMON_BLOCKS = YES;
				GCC_WARN_64_TO_32_BIT_CONVERSION = YES;
				GCC_WARN_ABOUT_RETURN_TYPE = YES_ERROR;
				GCC_WARN_UNDECLARED_SELECTOR = YES;
				GCC_WARN_UNINITIALIZED_AUTOS = YES_AGGRESSIVE;
				GCC_WARN_UNUSED_FUNCTION = YES;
				GCC_WARN_UNUSED_VARIABLE = YES;
				INSTALL_PATH = "$(LOCAL_LIBRARY_DIR)/Application Support/Developer/Shared/Xcode/Plug-ins";
				MACH_O_TYPE = mh_bundle;
				MACOSX_DEPLOYMENT_TARGET = 10.11;
				MTL_ENABLE_DEBUG_INFO = NO;
				SDKROOT = macosx;
			};
			name = Release;
		};
		2A1682BA1CD3F73900014B7F /* Debug */ = {
			isa = XCBuildConfiguration;
			buildSettings = {
				CLANG_ENABLE_MODULES = YES;
				CODE_SIGN_IDENTITY = "";
				COMBINE_HIDPI_IMAGES = YES;
				DSTROOT = "$(HOME)";
				EMBEDDED_CONTENT_CONTAINS_SWIFT = YES;
				INFOPLIST_FILE = BuildTimeAnalyzer/Info.plist;
				INSTALL_PATH = "$(LOCAL_LIBRARY_DIR)/Application Support/Developer/Shared/Xcode/Plug-ins";
				LD_RUNPATH_SEARCH_PATHS = "$(inherited) @executable_path/../Frameworks @loader_path/../Frameworks";
				OTHER_SWIFT_FLAGS = "-Xfrontend -debug-time-function-bodies";
				PRODUCT_BUNDLE_IDENTIFIER = uk.co.canemedia.BuildTimeAnalyzer;
				PRODUCT_NAME = BuildTimeAnalyzer;
				SKIP_INSTALL = NO;
				SWIFT_OBJC_BRIDGING_HEADER = "BuildTimeAnalyzer/BuildTimeAnalyzer-Bridging-Header.h";
				SWIFT_OPTIMIZATION_LEVEL = "-Onone";
				WRAPPER_EXTENSION = xcplugin;
			};
			name = Debug;
		};
		2A1682BB1CD3F73900014B7F /* Release */ = {
			isa = XCBuildConfiguration;
			buildSettings = {
				CLANG_ENABLE_MODULES = YES;
				CODE_SIGN_IDENTITY = "";
				COMBINE_HIDPI_IMAGES = YES;
				COPY_PHASE_STRIP = YES;
				DSTROOT = "$(HOME)";
				EMBEDDED_CONTENT_CONTAINS_SWIFT = YES;
				INFOPLIST_FILE = BuildTimeAnalyzer/Info.plist;
				INSTALL_PATH = "$(LOCAL_LIBRARY_DIR)/Application Support/Developer/Shared/Xcode/Plug-ins";
				LD_RUNPATH_SEARCH_PATHS = "$(inherited) @executable_path/../Frameworks @loader_path/../Frameworks";
				OTHER_SWIFT_FLAGS = "-Xfrontend -debug-time-function-bodies";
				PRODUCT_BUNDLE_IDENTIFIER = uk.co.canemedia.BuildTimeAnalyzer;
				PRODUCT_NAME = BuildTimeAnalyzer;
				SKIP_INSTALL = NO;
				SWIFT_OBJC_BRIDGING_HEADER = "BuildTimeAnalyzer/BuildTimeAnalyzer-Bridging-Header.h";
				WRAPPER_EXTENSION = xcplugin;
			};
			name = Release;
		};
		2A7DBBF71CD8E5D1009E9B49 /* Debug */ = {
			isa = XCBuildConfiguration;
			buildSettings = {
				COMBINE_HIDPI_IMAGES = YES;
				INFOPLIST_FILE = BuildTimeAnalyzerTests/Info.plist;
				LD_RUNPATH_SEARCH_PATHS = "$(inherited) @executable_path/../Frameworks @loader_path/../Frameworks";
				PRODUCT_BUNDLE_IDENTIFIER = uk.co.canemedia.BuildTimeAnalyzerTests;
				PRODUCT_NAME = BuildTimeAnalyzer;
				SWIFT_OPTIMIZATION_LEVEL = "-Onone";
			};
			name = Debug;
		};
		2A7DBBF81CD8E5D1009E9B49 /* Release */ = {
			isa = XCBuildConfiguration;
			buildSettings = {
				COMBINE_HIDPI_IMAGES = YES;
				INFOPLIST_FILE = BuildTimeAnalyzerTests/Info.plist;
				LD_RUNPATH_SEARCH_PATHS = "$(inherited) @executable_path/../Frameworks @loader_path/../Frameworks";
				PRODUCT_BUNDLE_IDENTIFIER = uk.co.canemedia.BuildTimeAnalyzerTests;
				PRODUCT_NAME = BuildTimeAnalyzer;
			};
			name = Release;
		};
/* End XCBuildConfiguration section */

/* Begin XCConfigurationList section */
		2A1682AE1CD3F73900014B7F /* Build configuration list for PBXProject "BuildTimeAnalyzer" */ = {
			isa = XCConfigurationList;
			buildConfigurations = (
				2A1682B71CD3F73900014B7F /* Debug */,
				2A1682B81CD3F73900014B7F /* Release */,
			);
			defaultConfigurationIsVisible = 0;
			defaultConfigurationName = Release;
		};
		2A1682B91CD3F73900014B7F /* Build configuration list for PBXNativeTarget "BuildTimeAnalyzer" */ = {
			isa = XCConfigurationList;
			buildConfigurations = (
				2A1682BA1CD3F73900014B7F /* Debug */,
				2A1682BB1CD3F73900014B7F /* Release */,
			);
			defaultConfigurationIsVisible = 0;
			defaultConfigurationName = Release;
		};
		2A7DBBF91CD8E5D1009E9B49 /* Build configuration list for PBXNativeTarget "BuildTimeAnalyzerTests" */ = {
			isa = XCConfigurationList;
			buildConfigurations = (
				2A7DBBF71CD8E5D1009E9B49 /* Debug */,
				2A7DBBF81CD8E5D1009E9B49 /* Release */,
			);
			defaultConfigurationIsVisible = 0;
			defaultConfigurationName = Release;
		};
/* End XCConfigurationList section */
	};
	rootObject = 2A1682AB1CD3F73900014B7F /* Project object */;
}
